
Microsoft Visual Studio Solution File, Format Version 12.00
# Visual Studio Version 17
VisualStudioVersion = 17.8.34330.188
MinimumVisualStudioVersion = 10.0.40219.1
Project("{FAE04EC0-301F-11D3-BF4B-00C04F79EFBC}") = "SAEE_Web", "SAEE_Web\SAEE_Web.csproj", "{430B4A86-1033-4C1E-B669-900EA9D0AB06}"
EndProject
Global
	GlobalSection(SolutionConfigurationPlatforms) = preSolution
		Debug|Any CPU = Debug|Any CPU
		Release|Any CPU = Release|Any CPU
	EndGlobalSection
	GlobalSection(ProjectConfigurationPlatforms) = postSolution
		{430B4A86-1033-4C1E-B669-900EA9D0AB06}.Debug|Any CPU.ActiveCfg = Debug|Any CPU
		{430B4A86-1033-4C1E-B669-900EA9D0AB06}.Debug|Any CPU.Build.0 = Debug|Any CPU
		{430B4A86-1033-4C1E-B669-900EA9D0AB06}.Release|Any CPU.ActiveCfg = Release|Any CPU
		{430B4A86-1033-4C1E-B669-900EA9D0AB06}.Release|Any CPU.Build.0 = Release|Any CPU
	EndGlobalSection
	GlobalSection(SolutionProperties) = preSolution
		HideSolutionNode = FALSE
	EndGlobalSection
	GlobalSection(ExtensibilityGlobals) = postSolution
		SolutionGuid = {EFF80E18-1A10-48C6-9613-F41D0184B48C}
	EndGlobalSection
EndGlobal
